
Microsoft Visual Studio Solution File, Format Version 12.00
# Visual Studio Version 16
VisualStudioVersion = 16.0.32126.315
MinimumVisualStudioVersion = 10.0.40219.1
Project("{FAE04EC0-301F-11D3-BF4B-00C04F79EFBC}") = "MyShop", "MyShop.csproj", "{1973E75E-E4C0-4DAA-92D5-89922190AF91}"
EndProject
Global
	GlobalSection(SolutionConfigurationPlatforms) = preSolution
		Debug|Any CPU = Debug|Any CPU
		Release|Any CPU = Release|Any CPU
	EndGlobalSection
	GlobalSection(ProjectConfigurationPlatforms) = postSolution
		{1973E75E-E4C0-4DAA-92D5-89922190AF91}.Debug|Any CPU.ActiveCfg = Debug|Any CPU
		{1973E75E-E4C0-4DAA-92D5-89922190AF91}.Debug|Any CPU.Build.0 = Debug|Any CPU
		{1973E75E-E4C0-4DAA-92D5-89922190AF91}.Release|Any CPU.ActiveCfg = Release|Any CPU
		{1973E75E-E4C0-4DAA-92D5-89922190AF91}.Release|Any CPU.Build.0 = Release|Any CPU
	EndGlobalSection
	GlobalSection(SolutionProperties) = preSolution
		HideSolutionNode = FALSE
	EndGlobalSection
	GlobalSection(ExtensibilityGlobals) = postSolution
		SolutionGuid = {E3254C56-BA92-4F4B-8969-7D76D5B7750C}
	EndGlobalSection
EndGlobal
